
Microsoft Visual Studio Solution File, Format Version 12.00
# Visual Studio 14
VisualStudioVersion = 14.0.24720.0
MinimumVisualStudioVersion = 10.0.40219.1
Project("{FAE04EC0-301F-11D3-BF4B-00C04F79EFBC}") = "SAMS", "SAMS\SAMS.csproj", "{480641D1-A2C8-4AE4-BEA4-DCDA58BB804B}"
EndProject
Global
	GlobalSection(SolutionConfigurationPlatforms) = preSolution
		Dev|Any CPU = Dev|Any CPU
		Prod|Any CPU = Prod|Any CPU
		Stage|Any CPU = Stage|Any CPU
	EndGlobalSection
	GlobalSection(ProjectConfigurationPlatforms) = postSolution
		{480641D1-A2C8-4AE4-BEA4-DCDA58BB804B}.Dev|Any CPU.ActiveCfg = Dev|Any CPU
		{480641D1-A2C8-4AE4-BEA4-DCDA58BB804B}.Dev|Any CPU.Build.0 = Dev|Any CPU
		{480641D1-A2C8-4AE4-BEA4-DCDA58BB804B}.Prod|Any CPU.ActiveCfg = Prod|Any CPU
		{480641D1-A2C8-4AE4-BEA4-DCDA58BB804B}.Prod|Any CPU.Build.0 = Prod|Any CPU
		{480641D1-A2C8-4AE4-BEA4-DCDA58BB804B}.Stage|Any CPU.ActiveCfg = Stage|Any CPU
		{480641D1-A2C8-4AE4-BEA4-DCDA58BB804B}.Stage|Any CPU.Build.0 = Stage|Any CPU
	EndGlobalSection
	GlobalSection(SolutionProperties) = preSolution
		HideSolutionNode = FALSE
	EndGlobalSection
EndGlobal
